
Microsoft Visual Studio Solution File, Format Version 12.00
# Visual Studio 15
VisualStudioVersion = 15.0.27703.2000
MinimumVisualStudioVersion = 10.0.40219.1
Project("{FAE04EC0-301F-11D3-BF4B-00C04F79EFBC}") = "LinkCounter", "LinkCounter.csproj", "{A71E07A6-F620-46E1-8C30-D6AE9552136A}"
EndProject
Project("{FAE04EC0-301F-11D3-BF4B-00C04F79EFBC}") = "LinkCounter.Commands", "LinkCounter.Commands\LinkCounter.Commands.csproj", "{669CE549-DA0D-414F-A346-E4A7A82C387A}"
EndProject
Project("{FAE04EC0-301F-11D3-BF4B-00C04F79EFBC}") = "LinkCounter.Models", "LinkCounter.Models\LinkCounter.Models.csproj", "{639B1759-270D-4F6D-9CA7-BE86F4D97B77}"
EndProject
Project("{FAE04EC0-301F-11D3-BF4B-00C04F79EFBC}") = "LinkCounter.ViewModels", "LinkCounter.ViewModels\LinkCounter.ViewModels.csproj", "{1D829F68-2C76-4DDB-8EB5-527B22374A09}"
EndProject
Global
	GlobalSection(SolutionConfigurationPlatforms) = preSolution
		Debug|Any CPU = Debug|Any CPU
		Release|Any CPU = Release|Any CPU
	EndGlobalSection
	GlobalSection(ProjectConfigurationPlatforms) = postSolution
		{A71E07A6-F620-46E1-8C30-D6AE9552136A}.Debug|Any CPU.ActiveCfg = Debug|Any CPU
		{A71E07A6-F620-46E1-8C30-D6AE9552136A}.Debug|Any CPU.Build.0 = Debug|Any CPU
		{A71E07A6-F620-46E1-8C30-D6AE9552136A}.Release|Any CPU.ActiveCfg = Release|Any CPU
		{A71E07A6-F620-46E1-8C30-D6AE9552136A}.Release|Any CPU.Build.0 = Release|Any CPU
		{669CE549-DA0D-414F-A346-E4A7A82C387A}.Debug|Any CPU.ActiveCfg = Debug|Any CPU
		{669CE549-DA0D-414F-A346-E4A7A82C387A}.Debug|Any CPU.Build.0 = Debug|Any CPU
		{669CE549-DA0D-414F-A346-E4A7A82C387A}.Release|Any CPU.ActiveCfg = Release|Any CPU
		{669CE549-DA0D-414F-A346-E4A7A82C387A}.Release|Any CPU.Build.0 = Release|Any CPU
		{639B1759-270D-4F6D-9CA7-BE86F4D97B77}.Debug|Any CPU.ActiveCfg = Debug|Any CPU
		{639B1759-270D-4F6D-9CA7-BE86F4D97B77}.Debug|Any CPU.Build.0 = Debug|Any CPU
		{639B1759-270D-4F6D-9CA7-BE86F4D97B77}.Release|Any CPU.ActiveCfg = Release|Any CPU
		{639B1759-270D-4F6D-9CA7-BE86F4D97B77}.Release|Any CPU.Build.0 = Release|Any CPU
		{1D829F68-2C76-4DDB-8EB5-527B22374A09}.Debug|Any CPU.ActiveCfg = Debug|Any CPU
		{1D829F68-2C76-4DDB-8EB5-527B22374A09}.Debug|Any CPU.Build.0 = Debug|Any CPU
		{1D829F68-2C76-4DDB-8EB5-527B22374A09}.Release|Any CPU.ActiveCfg = Release|Any CPU
		{1D829F68-2C76-4DDB-8EB5-527B22374A09}.Release|Any CPU.Build.0 = Release|Any CPU
	EndGlobalSection
	GlobalSection(SolutionProperties) = preSolution
		HideSolutionNode = FALSE
	EndGlobalSection
	GlobalSection(ExtensibilityGlobals) = postSolution
		SolutionGuid = {5F8A7E7E-8D31-493F-9E96-8B23DD2282BF}
	EndGlobalSection
EndGlobal
